
Microsoft Visual Studio Solution File, Format Version 12.00
# Visual Studio Version 16
VisualStudioVersion = 16.0.30907.101
MinimumVisualStudioVersion = 10.0.40219.1
Project("{FAE04EC0-301F-11D3-BF4B-00C04F79EFBC}") = "Grupp4_Esimene.Android", "Grupp4_Esimene\Grupp4_Esimene.Android\Grupp4_Esimene.Android.csproj", "{BBD0CCFD-565F-4B60-BEE8-A401EE4D9A60}"
EndProject
Project("{FAE04EC0-301F-11D3-BF4B-00C04F79EFBC}") = "Grupp4_Esimene.iOS", "Grupp4_Esimene\Grupp4_Esimene.iOS\Grupp4_Esimene.iOS.csproj", "{CEDAD92D-B6A8-4500-A919-A26988091DFD}"
EndProject
Project("{FAE04EC0-301F-11D3-BF4B-00C04F79EFBC}") = "Grupp4_Esimene", "Grupp4_Esimene\Grupp4_Esimene\Grupp4_Esimene.csproj", "{DC590FC9-F5B8-4F2E-8C73-F648F44E4CFE}"
EndProject
Global
	GlobalSection(SolutionConfigurationPlatforms) = preSolution
		Debug|Any CPU = Debug|Any CPU
		Debug|iPhone = Debug|iPhone
		Debug|iPhoneSimulator = Debug|iPhoneSimulator
		Release|Any CPU = Release|Any CPU
		Release|iPhone = Release|iPhone
		Release|iPhoneSimulator = Release|iPhoneSimulator
	EndGlobalSection
	GlobalSection(ProjectConfigurationPlatforms) = postSolution
		{BBD0CCFD-565F-4B60-BEE8-A401EE4D9A60}.Debug|Any CPU.ActiveCfg = Debug|Any CPU
		{BBD0CCFD-565F-4B60-BEE8-A401EE4D9A60}.Debug|Any CPU.Build.0 = Debug|Any CPU
		{BBD0CCFD-565F-4B60-BEE8-A401EE4D9A60}.Debug|Any CPU.Deploy.0 = Debug|Any CPU
		{BBD0CCFD-565F-4B60-BEE8-A401EE4D9A60}.Debug|iPhone.ActiveCfg = Debug|Any CPU
		{BBD0CCFD-565F-4B60-BEE8-A401EE4D9A60}.Debug|iPhone.Build.0 = Debug|Any CPU
		{BBD0CCFD-565F-4B60-BEE8-A401EE4D9A60}.Debug|iPhone.Deploy.0 = Debug|Any CPU
		{BBD0CCFD-565F-4B60-BEE8-A401EE4D9A60}.Debug|iPhoneSimulator.ActiveCfg = Debug|Any CPU
		{BBD0CCFD-565F-4B60-BEE8-A401EE4D9A60}.Debug|iPhoneSimulator.Build.0 = Debug|Any CPU
		{BBD0CCFD-565F-4B60-BEE8-A401EE4D9A60}.Debug|iPhoneSimulator.Deploy.0 = Debug|Any CPU
		{BBD0CCFD-565F-4B60-BEE8-A401EE4D9A60}.Release|Any CPU.ActiveCfg = Release|Any CPU
		{BBD0CCFD-565F-4B60-BEE8-A401EE4D9A60}.Release|Any CPU.Build.0 = Release|Any CPU
		{BBD0CCFD-565F-4B60-BEE8-A401EE4D9A60}.Release|Any CPU.Deploy.0 = Release|Any CPU
		{BBD0CCFD-565F-4B60-BEE8-A401EE4D9A60}.Release|iPhone.ActiveCfg = Release|Any CPU
		{BBD0CCFD-565F-4B60-BEE8-A401EE4D9A60}.Release|iPhone.Build.0 = Release|Any CPU
		{BBD0CCFD-565F-4B60-BEE8-A401EE4D9A60}.Release|iPhone.Deploy.0 = Release|Any CPU
		{BBD0CCFD-565F-4B60-BEE8-A401EE4D9A60}.Release|iPhoneSimulator.ActiveCfg = Release|Any CPU
		{BBD0CCFD-565F-4B60-BEE8-A401EE4D9A60}.Release|iPhoneSimulator.Build.0 = Release|Any CPU
		{BBD0CCFD-565F-4B60-BEE8-A401EE4D9A60}.Release|iPhoneSimulator.Deploy.0 = Release|Any CPU
		{CEDAD92D-B6A8-4500-A919-A26988091DFD}.Debug|Any CPU.ActiveCfg = Debug|iPhone
		{CEDAD92D-B6A8-4500-A919-A26988091DFD}.Debug|Any CPU.Build.0 = Debug|iPhone
		{CEDAD92D-B6A8-4500-A919-A26988091DFD}.Debug|Any CPU.Deploy.0 = Debug|iPhone
		{CEDAD92D-B6A8-4500-A919-A26988091DFD}.Debug|iPhone.ActiveCfg = Debug|iPhone
		{CEDAD92D-B6A8-4500-A919-A26988091DFD}.Debug|iPhone.Build.0 = Debug|iPhone
		{CEDAD92D-B6A8-4500-A919-A26988091DFD}.Debug|iPhone.Deploy.0 = Debug|iPhone
		{CEDAD92D-B6A8-4500-A919-A26988091DFD}.Debug|iPhoneSimulator.ActiveCfg = Debug|iPhoneSimulator
		{CEDAD92D-B6A8-4500-A919-A26988091DFD}.Debug|iPhoneSimulator.Build.0 = Debug|iPhoneSimulator
		{CEDAD92D-B6A8-4500-A919-A26988091DFD}.Debug|iPhoneSimulator.Deploy.0 = Debug|iPhoneSimulator
		{CEDAD92D-B6A8-4500-A919-A26988091DFD}.Release|Any CPU.ActiveCfg = Release|iPhoneSimulator
		{CEDAD92D-B6A8-4500-A919-A26988091DFD}.Release|Any CPU.Build.0 = Release|iPhoneSimulator
		{CEDAD92D-B6A8-4500-A919-A26988091DFD}.Release|Any CPU.Deploy.0 = Release|iPhoneSimulator
		{CEDAD92D-B6A8-4500-A919-A26988091DFD}.Release|iPhone.ActiveCfg = Release|iPhone
		{CEDAD92D-B6A8-4500-A919-A26988091DFD}.Release|iPhone.Build.0 = Release|iPhone
		{CEDAD92D-B6A8-4500-A919-A26988091DFD}.Release|iPhone.Deploy.0 = Release|iPhone
		{CEDAD92D-B6A8-4500-A919-A26988091DFD}.Release|iPhoneSimulator.ActiveCfg = Release|iPhoneSimulator
		{CEDAD92D-B6A8-4500-A919-A26988091DFD}.Release|iPhoneSimulator.Build.0 = Release|iPhoneSimulator
		{CEDAD92D-B6A8-4500-A919-A26988091DFD}.Release|iPhoneSimulator.Deploy.0 = Release|iPhoneSimulator
		{DC590FC9-F5B8-4F2E-8C73-F648F44E4CFE}.Debug|Any CPU.ActiveCfg = Debug|Any CPU
		{DC590FC9-F5B8-4F2E-8C73-F648F44E4CFE}.Debug|Any CPU.Build.0 = Debug|Any CPU
		{DC590FC9-F5B8-4F2E-8C73-F648F44E4CFE}.Debug|Any CPU.Deploy.0 = Debug|Any CPU
		{DC590FC9-F5B8-4F2E-8C73-F648F44E4CFE}.Debug|iPhone.ActiveCfg = Debug|Any CPU
		{DC590FC9-F5B8-4F2E-8C73-F648F44E4CFE}.Debug|iPhone.Build.0 = Debug|Any CPU
		{DC590FC9-F5B8-4F2E-8C73-F648F44E4CFE}.Debug|iPhone.Deploy.0 = Debug|Any CPU
		{DC590FC9-F5B8-4F2E-8C73-F648F44E4CFE}.Debug|iPhoneSimulator.ActiveCfg = Debug|Any CPU
		{DC590FC9-F5B8-4F2E-8C73-F648F44E4CFE}.Debug|iPhoneSimulator.Build.0 = Debug|Any CPU
		{DC590FC9-F5B8-4F2E-8C73-F648F44E4CFE}.Debug|iPhoneSimulator.Deploy.0 = Debug|Any CPU
		{DC590FC9-F5B8-4F2E-8C73-F648F44E4CFE}.Release|Any CPU.ActiveCfg = Release|Any CPU
		{DC590FC9-F5B8-4F2E-8C73-F648F44E4CFE}.Release|Any CPU.Build.0 = Release|Any CPU
		{DC590FC9-F5B8-4F2E-8C73-F648F44E4CFE}.Release|Any CPU.Deploy.0 = Release|Any CPU
		{DC590FC9-F5B8-4F2E-8C73-F648F44E4CFE}.Release|iPhone.ActiveCfg = Release|Any CPU
		{DC590FC9-F5B8-4F2E-8C73-F648F44E4CFE}.Release|iPhone.Build.0 = Release|Any CPU
		{DC590FC9-F5B8-4F2E-8C73-F648F44E4CFE}.Release|iPhone.Deploy.0 = Release|Any CPU
		{DC590FC9-F5B8-4F2E-8C73-F648F44E4CFE}.Release|iPhoneSimulator.ActiveCfg = Release|Any CPU
		{DC590FC9-F5B8-4F2E-8C73-F648F44E4CFE}.Release|iPhoneSimulator.Build.0 = Release|Any CPU
		{DC590FC9-F5B8-4F2E-8C73-F648F44E4CFE}.Release|iPhoneSimulator.Deploy.0 = Release|Any CPU
	EndGlobalSection
	GlobalSection(SolutionProperties) = preSolution
		HideSolutionNode = FALSE
	EndGlobalSection
	GlobalSection(ExtensibilityGlobals) = postSolution
		SolutionGuid = {FF62A283-27E8-427E-BC11-52902517D185}
	EndGlobalSection
EndGlobal
